<?xml version="1.0" encoding="utf-8"?>
<Project ToolsVersion="4.0" xmlns="http://schemas.microsoft.com/developer/msbuild/2003">
  <ItemGroup>
    <Filter Include="Source Files">
      <UniqueIdentifier>{4FC737F1-C7A5-4376-A066-2A32D752A2FF}</UniqueIdentifier>
      <Extensions>cpp;c;cc;cxx;def;odl;idl;hpj;bat;asm;asmx</Extensions>
    </Filter>
    <Filter Include="Header Files">
      <UniqueIdentifier>{93995380-89BD-4b04-88EB-625FBE52EBFB}</UniqueIdentifier>
      <Extensions>h;hh;hpp;hxx;hm;inl;inc;ipp;xsd</Extensions>
    </Filter>
    <Filter Include="Resource Files">
      <UniqueIdentifier>{67DA6AB6-F800-4c08-8B7A-83BB121AAD01}</UniqueIdentifier>
      <Extensions>rc;ico;cur;bmp;dlg;rc2;rct;bin;rgs;gif;jpg;jpeg;jpe;resx;tiff;tif;png;wav;mfcribbon-ms</Extensions>
    </Filter>
  </ItemGroup>
  <ItemGroup>
    <ClCompile Include="main.cpp">
      <Filter>Source Files</Filter>
    </ClCompile>
    <ClCompile Include="DirectXGame\Framework\Application.cpp">
      <Filter>Source Files</Filter>
    </ClCompile>
    <ClCompile Include="DirectXGame\Framework\Utilities.cpp">
      <Filter>Source Files</Filter>
    </ClCompile>
    <ClCompile Include="DirectXGame\Game.cpp">
      <Filter>Source Files</Filter>
    </ClCompile>
    <ClCompile Include="DirectXGame\Framework\Time.cpp">
      <Filter>Source Files</Filter>
    </ClCompile>
    <ClCompile Include="DirectXGame\Library\pugixml\pugixml.cpp">
      <Filter>Source Files</Filter>
    </ClCompile>
    <ClCompile Include="DirectXGame\Framework\Graphics.cpp">
      <Filter>Source Files</Filter>
    </ClCompile>
    <ClCompile Include="DirectXGame\Framework\Input.cpp">
      <Filter>Source Files</Filter>
    </ClCompile>
    <ClCompile Include="DirectXGame\Framework\Resource.cpp">
      <Filter>Source Files</Filter>
    </ClCompile>
    <ClCompile Include="DirectXGame\Framework\Math.cpp">
      <Filter>Source Files</Filter>
    </ClCompile>
    <ClCompile Include="DirectXGame\Logic\Scene.cpp">
      <Filter>Source Files</Filter>
    </ClCompile>
    <ClCompile Include="DirectXGame\Logic\GameObject.cpp">
      <Filter>Source Files</Filter>
    </ClCompile>
    <ClCompile Include="DirectXGame\Framework\Content\Texture.cpp">
      <Filter>Source Files</Filter>
    </ClCompile>
    <ClCompile Include="Castlevania\Castlevania.cpp">
      <Filter>Source Files</Filter>
    </ClCompile>
  </ItemGroup>
  <ItemGroup>
    <ClInclude Include="DirectXGame\Framework\Application.h">
      <Filter>Header Files</Filter>
    </ClInclude>
    <ClInclude Include="DirectXGame\Framework\Ultilities.h">
      <Filter>Header Files</Filter>
    </ClInclude>
    <ClInclude Include="DirectXGame\Game.h">
      <Filter>Header Files</Filter>
    </ClInclude>
    <ClInclude Include="DirectXGame\Framework\Time.h">
      <Filter>Header Files</Filter>
    </ClInclude>
    <ClInclude Include="DirectXGame\Library\directx\Include\audiodefs.h">
      <Filter>Header Files</Filter>
    </ClInclude>
    <ClInclude Include="DirectXGame\Library\directx\Include\comdecl.h">
      <Filter>Header Files</Filter>
    </ClInclude>
    <ClInclude Include="DirectXGame\Library\directx\Include\D2D1.h">
      <Filter>Header Files</Filter>
    </ClInclude>
    <ClInclude Include="DirectXGame\Library\directx\Include\D2D1Helper.h">
      <Filter>Header Files</Filter>
    </ClInclude>
    <ClInclude Include="DirectXGame\Library\directx\Include\D2DBaseTypes.h">
      <Filter>Header Files</Filter>
    </ClInclude>
    <ClInclude Include="DirectXGame\Library\directx\Include\D2Derr.h">
      <Filter>Header Files</Filter>
    </ClInclude>
    <ClInclude Include="DirectXGame\Library\directx\Include\d3d9.h">
      <Filter>Header Files</Filter>
    </ClInclude>
    <ClInclude Include="DirectXGame\Library\directx\Include\d3d9caps.h">
      <Filter>Header Files</Filter>
    </ClInclude>
    <ClInclude Include="DirectXGame\Library\directx\Include\d3d9types.h">
      <Filter>Header Files</Filter>
    </ClInclude>
    <ClInclude Include="DirectXGame\Library\directx\Include\D3D10.h">
      <Filter>Header Files</Filter>
    </ClInclude>
    <ClInclude Include="DirectXGame\Library\directx\Include\D3D10_1.h">
      <Filter>Header Files</Filter>
    </ClInclude>
    <ClInclude Include="DirectXGame\Library\directx\Include\D3D10_1shader.h">
      <Filter>Header Files</Filter>
    </ClInclude>
    <ClInclude Include="DirectXGame\Library\directx\Include\D3D10effect.h">
      <Filter>Header Files</Filter>
    </ClInclude>
    <ClInclude Include="DirectXGame\Library\directx\Include\d3d10misc.h">
      <Filter>Header Files</Filter>
    </ClInclude>
    <ClInclude Include="DirectXGame\Library\directx\Include\d3d10sdklayers.h">
      <Filter>Header Files</Filter>
    </ClInclude>
    <ClInclude Include="DirectXGame\Library\directx\Include\D3D10shader.h">
      <Filter>Header Files</Filter>
    </ClInclude>
    <ClInclude Include="DirectXGame\Library\directx\Include\D3D11.h">
      <Filter>Header Files</Filter>
    </ClInclude>
    <ClInclude Include="DirectXGame\Library\directx\Include\D3D11SDKLayers.h">
      <Filter>Header Files</Filter>
    </ClInclude>
    <ClInclude Include="DirectXGame\Library\directx\Include\D3D11Shader.h">
      <Filter>Header Files</Filter>
    </ClInclude>
    <ClInclude Include="DirectXGame\Library\directx\Include\D3Dcommon.h">
      <Filter>Header Files</Filter>
    </ClInclude>
    <ClInclude Include="DirectXGame\Library\directx\Include\D3Dcompiler.h">
      <Filter>Header Files</Filter>
    </ClInclude>
    <ClInclude Include="DirectXGame\Library\directx\Include\D3DCSX.h">
      <Filter>Header Files</Filter>
    </ClInclude>
    <ClInclude Include="DirectXGame\Library\directx\Include\d3dx9.h">
      <Filter>Header Files</Filter>
    </ClInclude>
    <ClInclude Include="DirectXGame\Library\directx\Include\d3dx9anim.h">
      <Filter>Header Files</Filter>
    </ClInclude>
    <ClInclude Include="DirectXGame\Library\directx\Include\d3dx9core.h">
      <Filter>Header Files</Filter>
    </ClInclude>
    <ClInclude Include="DirectXGame\Library\directx\Include\d3dx9effect.h">
      <Filter>Header Files</Filter>
    </ClInclude>
    <ClInclude Include="DirectXGame\Library\directx\Include\d3dx9math.h">
      <Filter>Header Files</Filter>
    </ClInclude>
    <ClInclude Include="DirectXGame\Library\directx\Include\d3dx9mesh.h">
      <Filter>Header Files</Filter>
    </ClInclude>
    <ClInclude Include="DirectXGame\Library\directx\Include\d3dx9shader.h">
      <Filter>Header Files</Filter>
    </ClInclude>
    <ClInclude Include="DirectXGame\Library\directx\Include\d3dx9shape.h">
      <Filter>Header Files</Filter>
    </ClInclude>
    <ClInclude Include="DirectXGame\Library\directx\Include\d3dx9tex.h">
      <Filter>Header Files</Filter>
    </ClInclude>
    <ClInclude Include="DirectXGame\Library\directx\Include\d3dx9xof.h">
      <Filter>Header Files</Filter>
    </ClInclude>
    <ClInclude Include="DirectXGame\Library\directx\Include\D3DX10.h">
      <Filter>Header Files</Filter>
    </ClInclude>
    <ClInclude Include="DirectXGame\Library\directx\Include\d3dx10async.h">
      <Filter>Header Files</Filter>
    </ClInclude>
    <ClInclude Include="DirectXGame\Library\directx\Include\D3DX10core.h">
      <Filter>Header Files</Filter>
    </ClInclude>
    <ClInclude Include="DirectXGame\Library\directx\Include\D3DX10math.h">
      <Filter>Header Files</Filter>
    </ClInclude>
    <ClInclude Include="DirectXGame\Library\directx\Include\D3DX10mesh.h">
      <Filter>Header Files</Filter>
    </ClInclude>
    <ClInclude Include="DirectXGame\Library\directx\Include\D3DX10tex.h">
      <Filter>Header Files</Filter>
    </ClInclude>
    <ClInclude Include="DirectXGame\Library\directx\Include\D3DX11.h">
      <Filter>Header Files</Filter>
    </ClInclude>
    <ClInclude Include="DirectXGame\Library\directx\Include\D3DX11async.h">
      <Filter>Header Files</Filter>
    </ClInclude>
    <ClInclude Include="DirectXGame\Library\directx\Include\D3DX11core.h">
      <Filter>Header Files</Filter>
    </ClInclude>
    <ClInclude Include="DirectXGame\Library\directx\Include\D3DX11tex.h">
      <Filter>Header Files</Filter>
    </ClInclude>
    <ClInclude Include="DirectXGame\Library\directx\Include\Dcommon.h">
      <Filter>Header Files</Filter>
    </ClInclude>
    <ClInclude Include="DirectXGame\Library\directx\Include\dinput.h">
      <Filter>Header Files</Filter>
    </ClInclude>
    <ClInclude Include="DirectXGame\Library\directx\Include\dinputd.h">
      <Filter>Header Files</Filter>
    </ClInclude>
    <ClInclude Include="DirectXGame\Library\directx\Include\dsconf.h">
      <Filter>Header Files</Filter>
    </ClInclude>
    <ClInclude Include="DirectXGame\Library\directx\Include\dsetup.h">
      <Filter>Header Files</Filter>
    </ClInclude>
    <ClInclude Include="DirectXGame\Library\directx\Include\dsound.h">
      <Filter>Header Files</Filter>
    </ClInclude>
    <ClInclude Include="DirectXGame\Library\directx\Include\DWrite.h">
      <Filter>Header Files</Filter>
    </ClInclude>
    <ClInclude Include="DirectXGame\Library\directx\Include\dxdiag.h">
      <Filter>Header Files</Filter>
    </ClInclude>
    <ClInclude Include="DirectXGame\Library\directx\Include\DxErr.h">
      <Filter>Header Files</Filter>
    </ClInclude>
    <ClInclude Include="DirectXGame\Library\directx\Include\dxfile.h">
      <Filter>Header Files</Filter>
    </ClInclude>
    <ClInclude Include="DirectXGame\Library\directx\Include\DXGI.h">
      <Filter>Header Files</Filter>
    </ClInclude>
    <ClInclude Include="DirectXGame\Library\directx\Include\DXGIFormat.h">
      <Filter>Header Files</Filter>
    </ClInclude>
    <ClInclude Include="DirectXGame\Library\directx\Include\DXGIType.h">
      <Filter>Header Files</Filter>
    </ClInclude>
    <ClInclude Include="DirectXGame\Library\directx\Include\dxsdkver.h">
      <Filter>Header Files</Filter>
    </ClInclude>
    <ClInclude Include="DirectXGame\Library\directx\Include\gameux.h">
      <Filter>Header Files</Filter>
    </ClInclude>
    <ClInclude Include="DirectXGame\Library\directx\Include\PIXPlugin.h">
      <Filter>Header Files</Filter>
    </ClInclude>
    <ClInclude Include="DirectXGame\Library\directx\Include\rmxfguid.h">
      <Filter>Header Files</Filter>
    </ClInclude>
    <ClInclude Include="DirectXGame\Library\directx\Include\rmxftmpl.h">
      <Filter>Header Files</Filter>
    </ClInclude>
    <ClInclude Include="DirectXGame\Library\directx\Include\rpcsal.h">
      <Filter>Header Files</Filter>
    </ClInclude>
    <ClInclude Include="DirectXGame\Library\directx\Include\X3DAudio.h">
      <Filter>Header Files</Filter>
    </ClInclude>
    <ClInclude Include="DirectXGame\Library\directx\Include\xact3.h">
      <Filter>Header Files</Filter>
    </ClInclude>
    <ClInclude Include="DirectXGame\Library\directx\Include\xact3d3.h">
      <Filter>Header Files</Filter>
    </ClInclude>
    <ClInclude Include="DirectXGame\Library\directx\Include\xact3wb.h">
      <Filter>Header Files</Filter>
    </ClInclude>
    <ClInclude Include="DirectXGame\Library\directx\Include\XAPO.h">
      <Filter>Header Files</Filter>
    </ClInclude>
    <ClInclude Include="DirectXGame\Library\directx\Include\XAPOBase.h">
      <Filter>Header Files</Filter>
    </ClInclude>
    <ClInclude Include="DirectXGame\Library\directx\Include\XAPOFX.h">
      <Filter>Header Files</Filter>
    </ClInclude>
    <ClInclude Include="DirectXGame\Library\directx\Include\XAudio2.h">
      <Filter>Header Files</Filter>
    </ClInclude>
    <ClInclude Include="DirectXGame\Library\directx\Include\XAudio2fx.h">
      <Filter>Header Files</Filter>
    </ClInclude>
    <ClInclude Include="DirectXGame\Library\directx\Include\XDSP.h">
      <Filter>Header Files</Filter>
    </ClInclude>
    <ClInclude Include="DirectXGame\Library\directx\Include\XInput.h">
      <Filter>Header Files</Filter>
    </ClInclude>
    <ClInclude Include="DirectXGame\Library\directx\Include\xma2defs.h">
      <Filter>Header Files</Filter>
    </ClInclude>
    <ClInclude Include="DirectXGame\Library\directx\Include\xnamath.h">
      <Filter>Header Files</Filter>
    </ClInclude>
    <ClInclude Include="DirectXGame\Library\pugixml\pugiconfig.hpp">
      <Filter>Header Files</Filter>
    </ClInclude>
    <ClInclude Include="DirectXGame\Library\pugixml\pugixml.hpp">
      <Filter>Header Files</Filter>
    </ClInclude>
    <ClInclude Include="DirectXGame\Framework\Graphics.h">
      <Filter>Header Files</Filter>
    </ClInclude>
    <ClInclude Include="DirectXGame\Framework\Input.h">
      <Filter>Header Files</Filter>
    </ClInclude>
    <ClInclude Include="DirectXGame\Framework\Resource.h">
      <Filter>Header Files</Filter>
    </ClInclude>
    <ClInclude Include="DirectXGame\Framework\Math.h">
      <Filter>Header Files</Filter>
    </ClInclude>
    <ClInclude Include="DirectXGame\Logic\Scene.h">
      <Filter>Header Files</Filter>
    </ClInclude>
    <ClInclude Include="DirectXGame\Logic\GameObject.h">
      <Filter>Header Files</Filter>
    </ClInclude>
    <ClInclude Include="DirectXGame\Framework\Content\Texture.h">
      <Filter>Header Files</Filter>
    </ClInclude>
    <ClInclude Include="Castlevania\Castlevania.h">
      <Filter>Header Files</Filter>
    </ClInclude>
  </ItemGroup>
  <ItemGroup>
    <None Include="DirectXGame\Library\directx\Include\D3DX_DXGIFormatConvert.inl">
      <Filter>Header Files</Filter>
    </None>
    <None Include="DirectXGame\Library\directx\Include\d3dx9math.inl">
      <Filter>Header Files</Filter>
    </None>
    <None Include="DirectXGame\Library\directx\Include\D3DX10math.inl">
      <Filter>Header Files</Filter>
    </None>
    <None Include="DirectXGame\Library\directx\Include\xnamathconvert.inl">
      <Filter>Header Files</Filter>
    </None>
    <None Include="DirectXGame\Library\directx\Include\xnamathmatrix.inl">
      <Filter>Header Files</Filter>
    </None>
    <None Include="DirectXGame\Library\directx\Include\xnamathmisc.inl">
      <Filter>Header Files</Filter>
    </None>
    <None Include="DirectXGame\Library\directx\Include\xnamathvector.inl">
      <Filter>Header Files</Filter>
    </None>
    <None Include="Castlevania\Content\Texture\Levels\Stage1_map.tmx" />
    <None Include="Castlevania\Content\Texture\Levels\Stage2A_map.tmx" />
    <None Include="Castlevania\Content\Texture\Levels\Stage2B_map.tmx" />
    <None Include="Castlevania\Content\Texture\Levels\Stage3A_map.tmx" />
    <None Include="Castlevania\Content\Texture\Levels\Stage3B_map.tmx" />
    <None Include="Castlevania\Content\Texture\Levels\Stage4_map.tmx" />
  </ItemGroup>
  <ItemGroup>
    <Text Include="progress.txt" />
  </ItemGroup>
  <ItemGroup>
    <Xml Include="Castlevania\Content\Data\GameData.xml" />
    <Xml Include="Castlevania\Content\Data\GameContent.xml" />
    <Xml Include="Castlevania\Content\Data\Stage1.xml" />
  </ItemGroup>
  <ItemGroup>
    <Library Include="DirectXGame\Library\directx\Lib\x64\d2d1.lib" />
    <Library Include="DirectXGame\Library\directx\Lib\x64\d3d9.lib" />
    <Library Include="DirectXGame\Library\directx\Lib\x64\d3d10.lib" />
    <Library Include="DirectXGame\Library\directx\Lib\x64\d3d10_1.lib" />
    <Library Include="DirectXGame\Library\directx\Lib\x64\d3d11.lib" />
    <Library Include="DirectXGame\Library\directx\Lib\x64\d3dcompiler.lib" />
    <Library Include="DirectXGame\Library\directx\Lib\x64\D3DCSX.lib" />
    <Library Include="DirectXGame\Library\directx\Lib\x64\D3DCSXd.lib" />
    <Library Include="DirectXGame\Library\directx\Lib\x64\d3dx9.lib" />
    <Library Include="DirectXGame\Library\directx\Lib\x64\d3dx9d.lib" />
    <Library Include="DirectXGame\Library\directx\Lib\x64\d3dx10.lib" />
    <Library Include="DirectXGame\Library\directx\Lib\x64\d3dx10d.lib" />
    <Library Include="DirectXGame\Library\directx\Lib\x64\d3dx11.lib" />
    <Library Include="DirectXGame\Library\directx\Lib\x64\d3dx11d.lib" />
    <Library Include="DirectXGame\Library\directx\Lib\x64\d3dxof.lib" />
    <Library Include="DirectXGame\Library\directx\Lib\x64\dinput8.lib" />
    <Library Include="DirectXGame\Library\directx\Lib\x64\dsound.lib" />
    <Library Include="DirectXGame\Library\directx\Lib\x64\dwrite.lib" />
    <Library Include="DirectXGame\Library\directx\Lib\x64\DxErr.lib" />
    <Library Include="DirectXGame\Library\directx\Lib\x64\dxgi.lib" />
    <Library Include="DirectXGame\Library\directx\Lib\x64\dxguid.lib" />
    <Library Include="DirectXGame\Library\directx\Lib\x64\X3DAudio.lib" />
    <Library Include="DirectXGame\Library\directx\Lib\x64\xapobase.lib" />
    <Library Include="DirectXGame\Library\directx\Lib\x64\xapobased.lib" />
    <Library Include="DirectXGame\Library\directx\Lib\x64\XAPOFX.lib" />
    <Library Include="DirectXGame\Library\directx\Lib\x64\XInput.lib" />
  </ItemGroup>
  <ItemGroup>
    <Image Include="Castlevania\Content\Texture\Levels\Stage1_bank.png">
      <Filter>Resource Files</Filter>
    </Image>
    <Image Include="Castlevania\Content\Texture\Levels\Stage2A_bank.png">
      <Filter>Resource Files</Filter>
    </Image>
    <Image Include="Castlevania\Content\Texture\Levels\Stage2B_bank.png">
      <Filter>Resource Files</Filter>
    </Image>
    <Image Include="Castlevania\Content\Texture\Levels\Stage3A_bank.png">
      <Filter>Resource Files</Filter>
    </Image>
    <Image Include="Castlevania\Content\Texture\Levels\Stage3B_bank.png">
      <Filter>Resource Files</Filter>
    </Image>
    <Image Include="Castlevania\Content\Texture\Levels\Stage4_bank.png">
      <Filter>Resource Files</Filter>
    </Image>
  </ItemGroup>
</Project>