
Microsoft Visual Studio Solution File, Format Version 12.00
# Visual Studio Version 16
VisualStudioVersion = 16.0.32002.261
MinimumVisualStudioVersion = 10.0.40219.1
Project("{2150E333-8FDC-42A3-9474-1A3956D46DE8}") = "Solution Items", "Solution Items", "{55789E87-CD45-4F23-AB25-5DE74A8988DA}"
	ProjectSection(SolutionItems) = preProject
		readme.txt = readme.txt
	EndProjectSection
EndProject
Project("{8BC9CEB8-8B4A-11D0-8D11-00A0C91BC942}") = "GameSample", "GameSample\GameSample.vcxproj", "{6D7340AF-ABF3-43A4-86C3-B4AD902937A8}"
EndProject
Project("{8BC9CEB8-8B4A-11D0-8D11-00A0C91BC942}") = "SuperMarioBros3", "SuperMarioBros3\SuperMarioBros3.vcxproj", "{165D3A14-917C-4BE0-B3C0-A0183752E955}"
EndProject
Project("{8BC9CEB8-8B4A-11D0-8D11-00A0C91BC942}") = "BattleTankClient", "BattleTankClient\BattleTankClient.vcxproj", "{9913D14B-55C8-48A3-92A8-FDCA0700078B}"
EndProject
Project("{8BC9CEB8-8B4A-11D0-8D11-00A0C91BC942}") = "BattleTankServer", "BattleTankServer\BattleTankServer.vcxproj", "{25CA04E4-F9D1-417F-B05B-16CB594DFB7A}"
EndProject
Project("{8BC9CEB8-8B4A-11D0-8D11-00A0C91BC942}") = "GridMaker", "GridMaker\GridMaker.vcxproj", "{6E008111-8363-409E-BFE6-36E069E2B5D6}"
EndProject
Project("{8BC9CEB8-8B4A-11D0-8D11-00A0C91BC942}") = "Castlevania", "Castlevania\Castlevania.vcxproj", "{21A736DA-D691-4E00-B3F9-0E8241836BA8}"
EndProject
Project("{8BC9CEB8-8B4A-11D0-8D11-00A0C91BC942}") = "SuperMetroid", "SuperMetroid\SuperMetroid.vcxproj", "{0C54622F-BF0A-4496-8064-8FACD805D91C}"
EndProject
Global
	GlobalSection(SolutionConfigurationPlatforms) = preSolution
		Debug|x64 = Debug|x64
		Debug|x86 = Debug|x86
		Release|x64 = Release|x64
		Release|x86 = Release|x86
	EndGlobalSection
	GlobalSection(ProjectConfigurationPlatforms) = postSolution
		{6D7340AF-ABF3-43A4-86C3-B4AD902937A8}.Debug|x64.ActiveCfg = Debug|x64
		{6D7340AF-ABF3-43A4-86C3-B4AD902937A8}.Debug|x64.Build.0 = Debug|x64
		{6D7340AF-ABF3-43A4-86C3-B4AD902937A8}.Debug|x86.ActiveCfg = Debug|Win32
		{6D7340AF-ABF3-43A4-86C3-B4AD902937A8}.Debug|x86.Build.0 = Debug|Win32
		{6D7340AF-ABF3-43A4-86C3-B4AD902937A8}.Release|x64.ActiveCfg = Release|x64
		{6D7340AF-ABF3-43A4-86C3-B4AD902937A8}.Release|x64.Build.0 = Release|x64
		{6D7340AF-ABF3-43A4-86C3-B4AD902937A8}.Release|x86.ActiveCfg = Release|Win32
		{6D7340AF-ABF3-43A4-86C3-B4AD902937A8}.Release|x86.Build.0 = Release|Win32
		{165D3A14-917C-4BE0-B3C0-A0183752E955}.Debug|x64.ActiveCfg = Debug|x64
		{165D3A14-917C-4BE0-B3C0-A0183752E955}.Debug|x64.Build.0 = Debug|x64
		{165D3A14-917C-4BE0-B3C0-A0183752E955}.Debug|x86.ActiveCfg = Debug|Win32
		{165D3A14-917C-4BE0-B3C0-A0183752E955}.Debug|x86.Build.0 = Debug|Win32
		{165D3A14-917C-4BE0-B3C0-A0183752E955}.Release|x64.ActiveCfg = Release|x64
		{165D3A14-917C-4BE0-B3C0-A0183752E955}.Release|x64.Build.0 = Release|x64
		{165D3A14-917C-4BE0-B3C0-A0183752E955}.Release|x86.ActiveCfg = Release|Win32
		{165D3A14-917C-4BE0-B3C0-A0183752E955}.Release|x86.Build.0 = Release|Win32
		{9913D14B-55C8-48A3-92A8-FDCA0700078B}.Debug|x64.ActiveCfg = Debug|x64
		{9913D14B-55C8-48A3-92A8-FDCA0700078B}.Debug|x64.Build.0 = Debug|x64
		{9913D14B-55C8-48A3-92A8-FDCA0700078B}.Debug|x86.ActiveCfg = Debug|Win32
		{9913D14B-55C8-48A3-92A8-FDCA0700078B}.Debug|x86.Build.0 = Debug|Win32
		{9913D14B-55C8-48A3-92A8-FDCA0700078B}.Release|x64.ActiveCfg = Release|x64
		{9913D14B-55C8-48A3-92A8-FDCA0700078B}.Release|x64.Build.0 = Release|x64
		{9913D14B-55C8-48A3-92A8-FDCA0700078B}.Release|x86.ActiveCfg = Release|Win32
		{9913D14B-55C8-48A3-92A8-FDCA0700078B}.Release|x86.Build.0 = Release|Win32
		{25CA04E4-F9D1-417F-B05B-16CB594DFB7A}.Debug|x64.ActiveCfg = Debug|x64
		{25CA04E4-F9D1-417F-B05B-16CB594DFB7A}.Debug|x64.Build.0 = Debug|x64
		{25CA04E4-F9D1-417F-B05B-16CB594DFB7A}.Debug|x86.ActiveCfg = Debug|Win32
		{25CA04E4-F9D1-417F-B05B-16CB594DFB7A}.Debug|x86.Build.0 = Debug|Win32
		{25CA04E4-F9D1-417F-B05B-16CB594DFB7A}.Release|x64.ActiveCfg = Release|x64
		{25CA04E4-F9D1-417F-B05B-16CB594DFB7A}.Release|x64.Build.0 = Release|x64
		{25CA04E4-F9D1-417F-B05B-16CB594DFB7A}.Release|x86.ActiveCfg = Release|Win32
		{25CA04E4-F9D1-417F-B05B-16CB594DFB7A}.Release|x86.Build.0 = Release|Win32
		{6E008111-8363-409E-BFE6-36E069E2B5D6}.Debug|x64.ActiveCfg = Debug|x64
		{6E008111-8363-409E-BFE6-36E069E2B5D6}.Debug|x64.Build.0 = Debug|x64
		{6E008111-8363-409E-BFE6-36E069E2B5D6}.Debug|x86.ActiveCfg = Debug|Win32
		{6E008111-8363-409E-BFE6-36E069E2B5D6}.Debug|x86.Build.0 = Debug|Win32
		{6E008111-8363-409E-BFE6-36E069E2B5D6}.Release|x64.ActiveCfg = Release|x64
		{6E008111-8363-409E-BFE6-36E069E2B5D6}.Release|x64.Build.0 = Release|x64
		{6E008111-8363-409E-BFE6-36E069E2B5D6}.Release|x86.ActiveCfg = Release|Win32
		{6E008111-8363-409E-BFE6-36E069E2B5D6}.Release|x86.Build.0 = Release|Win32
		{21A736DA-D691-4E00-B3F9-0E8241836BA8}.Debug|x64.ActiveCfg = Debug|x64
		{21A736DA-D691-4E00-B3F9-0E8241836BA8}.Debug|x64.Build.0 = Debug|x64
		{21A736DA-D691-4E00-B3F9-0E8241836BA8}.Debug|x86.ActiveCfg = Debug|Win32
		{21A736DA-D691-4E00-B3F9-0E8241836BA8}.Debug|x86.Build.0 = Debug|Win32
		{21A736DA-D691-4E00-B3F9-0E8241836BA8}.Release|x64.ActiveCfg = Release|x64
		{21A736DA-D691-4E00-B3F9-0E8241836BA8}.Release|x64.Build.0 = Release|x64
		{21A736DA-D691-4E00-B3F9-0E8241836BA8}.Release|x86.ActiveCfg = Release|Win32
		{21A736DA-D691-4E00-B3F9-0E8241836BA8}.Release|x86.Build.0 = Release|Win32
		{0C54622F-BF0A-4496-8064-8FACD805D91C}.Debug|x64.ActiveCfg = Debug|x64
		{0C54622F-BF0A-4496-8064-8FACD805D91C}.Debug|x64.Build.0 = Debug|x64
		{0C54622F-BF0A-4496-8064-8FACD805D91C}.Debug|x86.ActiveCfg = Debug|Win32
		{0C54622F-BF0A-4496-8064-8FACD805D91C}.Debug|x86.Build.0 = Debug|Win32
		{0C54622F-BF0A-4496-8064-8FACD805D91C}.Release|x64.ActiveCfg = Release|x64
		{0C54622F-BF0A-4496-8064-8FACD805D91C}.Release|x64.Build.0 = Release|x64
		{0C54622F-BF0A-4496-8064-8FACD805D91C}.Release|x86.ActiveCfg = Release|Win32
		{0C54622F-BF0A-4496-8064-8FACD805D91C}.Release|x86.Build.0 = Release|Win32
	EndGlobalSection
	GlobalSection(SolutionProperties) = preSolution
		HideSolutionNode = FALSE
	EndGlobalSection
	GlobalSection(ExtensibilityGlobals) = postSolution
		SolutionGuid = {C54A22EA-C1E2-4390-A4BE-C3BDFC2C2389}
	EndGlobalSection
EndGlobal
