<?xml version="1.0" encoding="utf-8"?>
<Project ToolsVersion="4.0" xmlns="http://schemas.microsoft.com/developer/msbuild/2003">
  <ItemGroup>
    <ClCompile Include="Engine\Game.cpp">
      <Filter>Engine</Filter>
    </ClCompile>
    <ClCompile Include="Engine\GameObject.cpp">
      <Filter>Engine</Filter>
    </ClCompile>
    <ClCompile Include="Engine\Framework\Application.cpp">
      <Filter>Engine\Framework</Filter>
    </ClCompile>
    <ClCompile Include="Engine\Framework\Audio.cpp">
      <Filter>Engine\Framework</Filter>
    </ClCompile>
    <ClCompile Include="Engine\Framework\Debug.cpp">
      <Filter>Engine\Framework</Filter>
    </ClCompile>
    <ClCompile Include="Engine\Framework\Graphics.cpp">
      <Filter>Engine\Framework</Filter>
    </ClCompile>
    <ClCompile Include="Engine\Framework\Input.cpp">
      <Filter>Engine\Framework</Filter>
    </ClCompile>
    <ClCompile Include="Engine\Framework\pugixml.cpp">
      <Filter>Engine\Framework</Filter>
    </ClCompile>
    <ClCompile Include="Engine\Framework\Time.cpp">
      <Filter>Engine\Framework</Filter>
    </ClCompile>
    <ClCompile Include="Engine\Component\Sprite.cpp">
      <Filter>Engine\Component</Filter>
    </ClCompile>
    <ClCompile Include="Engine\Component\Collision.cpp">
      <Filter>Engine\Component</Filter>
    </ClCompile>
    <ClCompile Include="Engine\Component\Animation.cpp">
      <Filter>Engine\Component</Filter>
    </ClCompile>
    <ClCompile Include="main.cpp">
      <Filter>Game</Filter>
    </ClCompile>
    <ClCompile Include="SuperMarioBros3.cpp">
      <Filter>Game</Filter>
    </ClCompile>
    <ClCompile Include="Actor\Character\Mario\Mario.cpp">
      <Filter>Actor\Character\Mario</Filter>
    </ClCompile>
    <ClCompile Include="Actor\Character\Mario\MarioFireball.cpp">
      <Filter>Actor\Character\Mario</Filter>
    </ClCompile>
    <ClCompile Include="Actor\Character\Mario\MarioTail.cpp">
      <Filter>Actor\Character\Mario</Filter>
    </ClCompile>
    <ClCompile Include="Actor\Prop\Platform\Platform.cpp">
      <Filter>Actor\Prop\Platform</Filter>
    </ClCompile>
    <ClCompile Include="Actor\Character\Goomba\Goomba.cpp">
      <Filter>Actor\Character\Goomba</Filter>
    </ClCompile>
    <ClCompile Include="Actor\Character\Goomba\MicroGoomba.cpp">
      <Filter>Actor\Character\Goomba</Filter>
    </ClCompile>
    <ClCompile Include="Actor\Character\Koopa\Koopa.cpp">
      <Filter>Actor\Character\Koopa</Filter>
    </ClCompile>
    <ClCompile Include="Actor\Character\Koopa\KoopaSensor.cpp">
      <Filter>Actor\Character\Koopa</Filter>
    </ClCompile>
    <ClCompile Include="Actor\Character\Plant\Plant.cpp">
      <Filter>Actor\Character\Plant</Filter>
    </ClCompile>
    <ClCompile Include="Actor\Character\Plant\PlantSensor.cpp">
      <Filter>Actor\Character\Plant</Filter>
    </ClCompile>
    <ClCompile Include="Actor\Character\Plant\PlantFireball.cpp">
      <Filter>Actor\Character\Plant</Filter>
    </ClCompile>
  </ItemGroup>
  <ItemGroup>
    <ClInclude Include="Engine\Game.h">
      <Filter>Engine</Filter>
    </ClInclude>
    <ClInclude Include="Engine\GameObject.h">
      <Filter>Engine</Filter>
    </ClInclude>
    <ClInclude Include="Engine\Framework\Application.h">
      <Filter>Engine\Framework</Filter>
    </ClInclude>
    <ClInclude Include="Engine\Framework\Audio.h">
      <Filter>Engine\Framework</Filter>
    </ClInclude>
    <ClInclude Include="Engine\Framework\Debug.h">
      <Filter>Engine\Framework</Filter>
    </ClInclude>
    <ClInclude Include="Engine\Framework\Graphics.h">
      <Filter>Engine\Framework</Filter>
    </ClInclude>
    <ClInclude Include="Engine\Framework\Input.h">
      <Filter>Engine\Framework</Filter>
    </ClInclude>
    <ClInclude Include="Engine\Framework\pugixml.hpp">
      <Filter>Engine\Framework</Filter>
    </ClInclude>
    <ClInclude Include="Engine\Framework\pugiconfig.hpp">
      <Filter>Engine\Framework</Filter>
    </ClInclude>
    <ClInclude Include="Engine\Framework\Time.h">
      <Filter>Engine\Framework</Filter>
    </ClInclude>
    <ClInclude Include="Engine\Component\Sprite.h">
      <Filter>Engine\Component</Filter>
    </ClInclude>
    <ClInclude Include="Engine\Component\Collision.h">
      <Filter>Engine\Component</Filter>
    </ClInclude>
    <ClInclude Include="Engine\Component\Animation.h">
      <Filter>Engine\Component</Filter>
    </ClInclude>
    <ClInclude Include="SuperMarioBros3.h">
      <Filter>Game</Filter>
    </ClInclude>
    <ClInclude Include="Actor\Character\Mario\Mario.h">
      <Filter>Actor\Character\Mario</Filter>
    </ClInclude>
    <ClInclude Include="Actor\Character\Mario\MarioFireball.h">
      <Filter>Actor\Character\Mario</Filter>
    </ClInclude>
    <ClInclude Include="Actor\Character\Mario\MarioTail.h">
      <Filter>Actor\Character\Mario</Filter>
    </ClInclude>
    <ClInclude Include="Actor\Prop\Platform\Platform.h">
      <Filter>Actor\Prop\Platform</Filter>
    </ClInclude>
    <ClInclude Include="Data\Asset\Prop\Platform\PlatformS11.xml">
      <Filter>Actor\Prop\Platform</Filter>
    </ClInclude>
    <ClInclude Include="Actor\Character\Goomba\Goomba.h">
      <Filter>Actor\Character\Goomba</Filter>
    </ClInclude>
    <ClInclude Include="Actor\Character\Goomba\MicroGoomba.h">
      <Filter>Actor\Character\Goomba</Filter>
    </ClInclude>
    <ClInclude Include="Actor\Character\Koopa\Koopa.h">
      <Filter>Actor\Character\Koopa</Filter>
    </ClInclude>
    <ClInclude Include="Actor\Character\Koopa\KoopaSensor.h">
      <Filter>Actor\Character\Koopa</Filter>
    </ClInclude>
    <ClInclude Include="Actor\Character\Plant\Plant.h">
      <Filter>Actor\Character\Plant</Filter>
    </ClInclude>
    <ClInclude Include="Actor\Character\Plant\PlantSensor.h">
      <Filter>Actor\Character\Plant</Filter>
    </ClInclude>
    <ClInclude Include="Actor\Character\Plant\PlantFireball.h">
      <Filter>Actor\Character\Plant</Filter>
    </ClInclude>
  </ItemGroup>
  <ItemGroup>
    <Filter Include="Engine">
      <UniqueIdentifier>{e3495a54-52e3-4f44-bce9-eb1006766bf3}</UniqueIdentifier>
    </Filter>
    <Filter Include="Engine\Framework">
      <UniqueIdentifier>{64f2c1cd-0964-4a3e-8218-33f18ed4d1a7}</UniqueIdentifier>
    </Filter>
    <Filter Include="Engine\Component">
      <UniqueIdentifier>{965d3cfd-780d-4656-93c3-ebb5ffce9883}</UniqueIdentifier>
    </Filter>
    <Filter Include="Game">
      <UniqueIdentifier>{08f49d7e-0358-4329-b550-7c98d2cc6489}</UniqueIdentifier>
    </Filter>
    <Filter Include="Scene">
      <UniqueIdentifier>{5753f32a-364e-4e7c-bce6-3dc2831acd7f}</UniqueIdentifier>
    </Filter>
    <Filter Include="Actor">
      <UniqueIdentifier>{0f70eb94-1bca-4104-b3f5-010c04f30c73}</UniqueIdentifier>
    </Filter>
    <Filter Include="Actor\Character">
      <UniqueIdentifier>{b10a8724-d1af-4002-b9e1-e2f62f50b2d5}</UniqueIdentifier>
    </Filter>
    <Filter Include="Actor\Controller">
      <UniqueIdentifier>{3d3219a0-e6cc-448b-b61b-b1a8bd873883}</UniqueIdentifier>
    </Filter>
    <Filter Include="Actor\Item">
      <UniqueIdentifier>{e48ad405-dd63-41a9-9d5f-4e9b3a47dbd7}</UniqueIdentifier>
    </Filter>
    <Filter Include="Actor\Prop">
      <UniqueIdentifier>{0b4bb316-9f58-45ff-a325-3fb15f45c472}</UniqueIdentifier>
    </Filter>
    <Filter Include="Actor\Mics">
      <UniqueIdentifier>{6536709a-f751-41c5-b91a-04f5766f3b58}</UniqueIdentifier>
    </Filter>
    <Filter Include="Actor\Character\Mario">
      <UniqueIdentifier>{9fb10a5d-5913-460a-b70f-c8a334e7a30a}</UniqueIdentifier>
    </Filter>
    <Filter Include="Actor\Character\Goomba">
      <UniqueIdentifier>{2d26045d-a859-4e70-9181-fd8a34d7bbb3}</UniqueIdentifier>
    </Filter>
    <Filter Include="Actor\Character\Koopa">
      <UniqueIdentifier>{6663008b-631f-4bc8-a118-cf134f4c0557}</UniqueIdentifier>
    </Filter>
    <Filter Include="Actor\Controller\GameMaster">
      <UniqueIdentifier>{15a4c4e4-f7ea-4dba-b30d-e31cb3802e7e}</UniqueIdentifier>
    </Filter>
    <Filter Include="Actor\Controller\World">
      <UniqueIdentifier>{2d94bb6c-f42b-4683-9351-8c4d4ab027c7}</UniqueIdentifier>
    </Filter>
    <Filter Include="Actor\Controller\Title">
      <UniqueIdentifier>{eb652125-7ffe-433d-b7f6-9135f964c571}</UniqueIdentifier>
    </Filter>
    <Filter Include="Actor\Controller\WorldMap">
      <UniqueIdentifier>{48c7aa7c-0c77-4ef3-9f79-f620116e42de}</UniqueIdentifier>
    </Filter>
    <Filter Include="Actor\Item\Coin">
      <UniqueIdentifier>{50fc645e-7160-4ee3-97a2-8ab3b694f691}</UniqueIdentifier>
    </Filter>
    <Filter Include="Actor\Item\ExtraLifeMushroom">
      <UniqueIdentifier>{c3423676-bebb-4312-a3ab-e3032e86d71f}</UniqueIdentifier>
    </Filter>
    <Filter Include="Actor\Item\SuperMushroom">
      <UniqueIdentifier>{915d7262-c41e-4f8b-8b97-af8323916467}</UniqueIdentifier>
    </Filter>
    <Filter Include="Actor\Item\SuperLeaf">
      <UniqueIdentifier>{0bec49ac-4f9c-4c1d-b8eb-85e6b5517d46}</UniqueIdentifier>
    </Filter>
    <Filter Include="Actor\Item\FireFlower">
      <UniqueIdentifier>{02adbe7d-c837-4036-8f57-3c4026f954e4}</UniqueIdentifier>
    </Filter>
    <Filter Include="Actor\Item\SuperStar">
      <UniqueIdentifier>{8649b7f1-1dbd-4f52-8b8c-a0074589e81f}</UniqueIdentifier>
    </Filter>
    <Filter Include="Actor\Prop\Platform">
      <UniqueIdentifier>{105549d9-df42-4e79-b025-28825bdb6bf5}</UniqueIdentifier>
    </Filter>
    <Filter Include="Actor\Prop\Brick">
      <UniqueIdentifier>{6a22435a-1627-4161-bc14-150c9f00a3fc}</UniqueIdentifier>
    </Filter>
    <Filter Include="Actor\Prop\Block">
      <UniqueIdentifier>{178495cf-d703-4256-aeb9-8a2177167fbf}</UniqueIdentifier>
    </Filter>
    <Filter Include="Actor\Mics\Background">
      <UniqueIdentifier>{9be146a9-0f87-4103-875e-3fc96eb74cda}</UniqueIdentifier>
    </Filter>
    <Filter Include="Actor\Mics\PowerBar">
      <UniqueIdentifier>{f18336d1-503b-42df-814f-031d8cc11447}</UniqueIdentifier>
    </Filter>
    <Filter Include="Actor\Mics\HUD">
      <UniqueIdentifier>{2eb6fbba-933c-4875-84af-785fa30746f2}</UniqueIdentifier>
    </Filter>
    <Filter Include="Actor\Mics\HItEffect">
      <UniqueIdentifier>{a6fcad6b-bdea-4047-a997-d412e0ebcb02}</UniqueIdentifier>
    </Filter>
    <Filter Include="Resource">
      <UniqueIdentifier>{6c581331-5247-4407-9643-074cfbd7fef9}</UniqueIdentifier>
    </Filter>
    <Filter Include="Resource\Texture">
      <UniqueIdentifier>{8704bf74-2187-4c3d-9a3e-065531989ed7}</UniqueIdentifier>
    </Filter>
    <Filter Include="Resource\SoundClip">
      <UniqueIdentifier>{0ecc9919-6d77-44db-b925-f660db8f01c5}</UniqueIdentifier>
    </Filter>
    <Filter Include="Actor\Character\BoomBoom">
      <UniqueIdentifier>{45ff9f25-bbd0-4af0-ae1d-0e3619132cf5}</UniqueIdentifier>
    </Filter>
    <Filter Include="Actor\Character\Larry">
      <UniqueIdentifier>{99df4724-bb28-49f4-b5e6-4e10d4927dcc}</UniqueIdentifier>
    </Filter>
    <Filter Include="Actor\Character\DryBones">
      <UniqueIdentifier>{8d50abab-55ac-4313-a3fa-37243b528ce1}</UniqueIdentifier>
    </Filter>
    <Filter Include="Actor\Character\Podoboo">
      <UniqueIdentifier>{159c686c-1ad7-4e82-ad3b-7af628e3821b}</UniqueIdentifier>
    </Filter>
    <Filter Include="Actor\Character\Brother">
      <UniqueIdentifier>{3afb8321-d824-41e6-83af-a46d6193bfcb}</UniqueIdentifier>
    </Filter>
    <Filter Include="Actor\Character\BuzzyBeetle">
      <UniqueIdentifier>{cc4beaaa-b025-494d-839f-45e8ad44d83c}</UniqueIdentifier>
    </Filter>
    <Filter Include="Actor\Character\BulletBill">
      <UniqueIdentifier>{796d0df9-9f20-48f8-a2e5-939b60359e4d}</UniqueIdentifier>
    </Filter>
    <Filter Include="Actor\Character\Cannonball">
      <UniqueIdentifier>{c4aadc38-2042-40d4-8b2e-32d271e5fbaa}</UniqueIdentifier>
    </Filter>
    <Filter Include="Actor\Prop\BounceBlock">
      <UniqueIdentifier>{69b575fe-9c3b-43c1-9bcf-23e605610b97}</UniqueIdentifier>
    </Filter>
    <Filter Include="Actor\Prop\DeadZone">
      <UniqueIdentifier>{1ebe0c6f-31c4-4bcd-8839-8dbc80101a4f}</UniqueIdentifier>
    </Filter>
    <Filter Include="Actor\Prop\DropCeiling">
      <UniqueIdentifier>{d47646a1-4d45-463e-b0c8-468b1459d0a4}</UniqueIdentifier>
    </Filter>
    <Filter Include="Actor\Title">
      <UniqueIdentifier>{2db307d2-3e62-4419-9e72-9f3b505c6df3}</UniqueIdentifier>
    </Filter>
    <Filter Include="Actor\WorldMap">
      <UniqueIdentifier>{8005df64-c2e7-4ccd-a24a-ad8a53d7a9e0}</UniqueIdentifier>
    </Filter>
    <Filter Include="Actor\Prop\Pipe">
      <UniqueIdentifier>{0b6cf4b9-93cf-4d9b-a0c3-a224bf7cb18e}</UniqueIdentifier>
    </Filter>
    <Filter Include="Actor\Prop\TransportPipe">
      <UniqueIdentifier>{a65eacef-8809-4409-8b4c-310fb68b0dff}</UniqueIdentifier>
    </Filter>
    <Filter Include="Actor\Prop\TransportDoor">
      <UniqueIdentifier>{94f8a3ae-1caa-47da-8940-c4fc81113ade}</UniqueIdentifier>
    </Filter>
    <Filter Include="Actor\Prop\TransportBounceBlock">
      <UniqueIdentifier>{be43504a-9138-4a94-a299-fd9a44d8fa98}</UniqueIdentifier>
    </Filter>
    <Filter Include="Actor\Prop\MovingPlatform">
      <UniqueIdentifier>{2947fc7b-5600-4c1d-8e7e-07843ac9745c}</UniqueIdentifier>
    </Filter>
    <Filter Include="Actor\Prop\SemiPlatform">
      <UniqueIdentifier>{e9baa700-7e4c-4494-abb2-395d700dc58b}</UniqueIdentifier>
    </Filter>
    <Filter Include="Actor\WorldMap\Kactus">
      <UniqueIdentifier>{08000e70-9dd1-4f94-83a5-be21d222d4b1}</UniqueIdentifier>
    </Filter>
    <Filter Include="Actor\WorldMap\WorldMapMario">
      <UniqueIdentifier>{366becaf-d9be-48e2-a1a2-5a003104c6e8}</UniqueIdentifier>
    </Filter>
    <Filter Include="Actor\Prop\Pusher">
      <UniqueIdentifier>{f6c830f8-2c2c-4ad1-b6b9-e910bdba374d}</UniqueIdentifier>
    </Filter>
    <Filter Include="Actor\Prop\SpawnZone">
      <UniqueIdentifier>{11db7a55-95a1-4a29-93fe-9c79dad90ba9}</UniqueIdentifier>
    </Filter>
    <Filter Include="Actor\Prop\WorldGoal">
      <UniqueIdentifier>{28e576a5-b079-412c-941b-78fb2dd873cc}</UniqueIdentifier>
    </Filter>
    <Filter Include="Actor\WorldMap\WorldMapPortal">
      <UniqueIdentifier>{4d728e7c-1dec-4589-8868-35ce22a42a9c}</UniqueIdentifier>
    </Filter>
    <Filter Include="Actor\Prop\Roto">
      <UniqueIdentifier>{28ad50a1-206a-4a05-993b-7f84fea6ad72}</UniqueIdentifier>
    </Filter>
    <Filter Include="Actor\Prop\Slope">
      <UniqueIdentifier>{ac3e97a1-cc82-433b-b9b0-cbd9aed6fd7d}</UniqueIdentifier>
    </Filter>
    <Filter Include="Actor\Prop\TreasureBox">
      <UniqueIdentifier>{0ec909e4-73b8-426a-91de-ab7d70d04a1e}</UniqueIdentifier>
    </Filter>
    <Filter Include="Actor\Prop\Water">
      <UniqueIdentifier>{1eb86298-4c82-49b2-92bb-bc04b10d998a}</UniqueIdentifier>
    </Filter>
    <Filter Include="Actor\Mics\BrickFragEffect">
      <UniqueIdentifier>{44b8be67-6351-47e6-b156-d10c4bb181a4}</UniqueIdentifier>
    </Filter>
    <Filter Include="Actor\Mics\DeathEffect">
      <UniqueIdentifier>{9aa4441c-d2a9-4f09-919e-dedfe198a854}</UniqueIdentifier>
    </Filter>
    <Filter Include="Actor\Mics\BubbleEffect">
      <UniqueIdentifier>{f8fea833-9a72-453b-a43e-551453094abf}</UniqueIdentifier>
    </Filter>
    <Filter Include="Actor\Mics\CannonSmokeEffect">
      <UniqueIdentifier>{b7f70009-c0f0-4b44-b542-4a5dbc9b8f98}</UniqueIdentifier>
    </Filter>
    <Filter Include="Actor\Mics\LavaEffect">
      <UniqueIdentifier>{5770aad6-3810-477a-854c-4a246956bfe0}</UniqueIdentifier>
    </Filter>
    <Filter Include="Actor\Mics\Score">
      <UniqueIdentifier>{d1c0fa00-7951-4051-a455-881787a52f75}</UniqueIdentifier>
    </Filter>
    <Filter Include="Actor\Mics\WaterEffect">
      <UniqueIdentifier>{caf7e4e9-d41d-4733-8a37-1bd2f533fc42}</UniqueIdentifier>
    </Filter>
    <Filter Include="Actor\Prop\BigCannon">
      <UniqueIdentifier>{f9596f8b-0d17-4a7e-bd9f-b98a0188fb8a}</UniqueIdentifier>
    </Filter>
    <Filter Include="Actor\Prop\SmallCannon">
      <UniqueIdentifier>{0a6ccabf-f937-487c-8810-9576b7556a5a}</UniqueIdentifier>
    </Filter>
    <Filter Include="Actor\Prop\BulletBillCannon">
      <UniqueIdentifier>{a9606339-cad9-4d5b-b734-63ec4f5a70b8}</UniqueIdentifier>
    </Filter>
    <Filter Include="Actor\Character\Plant">
      <UniqueIdentifier>{7a48566b-54b1-476e-b9e7-9e46fb674b9e}</UniqueIdentifier>
    </Filter>
  </ItemGroup>
  <ItemGroup>
    <None Include="packages.config">
      <Filter>Game</Filter>
    </None>
  </ItemGroup>
  <ItemGroup>
    <Xml Include="Data\GameData.xml">
      <Filter>Game</Filter>
    </Xml>
    <Xml Include="Data\Asset\Character\Mario\MarioFireball.xml">
      <Filter>Actor\Character\Mario</Filter>
    </Xml>
    <Xml Include="Data\Asset\Character\Mario\MarioTail.xml">
      <Filter>Actor\Character\Mario</Filter>
    </Xml>
    <Xml Include="Data\Asset\Character\Mario\Mario.xml">
      <Filter>Actor\Character\Mario</Filter>
    </Xml>
    <Xml Include="Data\Asset\Prop\Platform\PlatformH11.xml">
      <Filter>Actor\Prop\Platform</Filter>
    </Xml>
    <Xml Include="Data\Asset\Prop\Platform\PlatformH12.xml">
      <Filter>Actor\Prop\Platform</Filter>
    </Xml>
    <Xml Include="Data\Asset\Prop\Platform\PlatformH14.xml">
      <Filter>Actor\Prop\Platform</Filter>
    </Xml>
    <Xml Include="Data\Asset\Prop\Platform\PlatformH18.xml">
      <Filter>Actor\Prop\Platform</Filter>
    </Xml>
    <Xml Include="Data\Asset\Prop\Platform\PlatformH21.xml">
      <Filter>Actor\Prop\Platform</Filter>
    </Xml>
    <Xml Include="Data\Asset\Prop\Platform\PlatformH41.xml">
      <Filter>Actor\Prop\Platform</Filter>
    </Xml>
    <Xml Include="Data\Asset\Prop\Platform\PlatformH81.xml">
      <Filter>Actor\Prop\Platform</Filter>
    </Xml>
    <Xml Include="Data\Asset\Prop\Platform\PlatformH116.xml">
      <Filter>Actor\Prop\Platform</Filter>
    </Xml>
    <Xml Include="Data\Asset\Prop\Platform\PlatformH161.xml">
      <Filter>Actor\Prop\Platform</Filter>
    </Xml>
    <Xml Include="Data\Asset\Prop\Platform\PlatformS12.xml">
      <Filter>Actor\Prop\Platform</Filter>
    </Xml>
    <Xml Include="Data\Asset\Prop\Platform\PlatformS14.xml">
      <Filter>Actor\Prop\Platform</Filter>
    </Xml>
    <Xml Include="Data\Asset\Prop\Platform\PlatformS18.xml">
      <Filter>Actor\Prop\Platform</Filter>
    </Xml>
    <Xml Include="Data\Asset\Prop\Platform\PlatformS21.xml">
      <Filter>Actor\Prop\Platform</Filter>
    </Xml>
    <Xml Include="Data\Asset\Prop\Platform\PlatformS41.xml">
      <Filter>Actor\Prop\Platform</Filter>
    </Xml>
    <Xml Include="Data\Asset\Prop\Platform\PlatformS81.xml">
      <Filter>Actor\Prop\Platform</Filter>
    </Xml>
    <Xml Include="Data\Asset\Prop\Platform\PlatformS116.xml">
      <Filter>Actor\Prop\Platform</Filter>
    </Xml>
    <Xml Include="Data\Asset\Prop\Platform\PlatformS161.xml">
      <Filter>Actor\Prop\Platform</Filter>
    </Xml>
    <Xml Include="Data\Scene\Sandbox.xml">
      <Filter>Scene</Filter>
    </Xml>
    <Xml Include="Data\Asset\Character\Goomba\Goomba.xml">
      <Filter>Actor\Character\Goomba</Filter>
    </Xml>
    <Xml Include="Data\Asset\Character\Goomba\MicroGoomba.xml">
      <Filter>Actor\Character\Goomba</Filter>
    </Xml>
    <Xml Include="Data\Asset\Character\Goomba\ParaGoomba.xml">
      <Filter>Actor\Character\Goomba</Filter>
    </Xml>
    <Xml Include="Data\Asset\Character\Goomba\RedParaGoomba.xml">
      <Filter>Actor\Character\Goomba</Filter>
    </Xml>
    <Xml Include="Data\Asset\Character\Koopa\Koopa.xml">
      <Filter>Actor\Character\Koopa</Filter>
    </Xml>
    <Xml Include="Data\Asset\Character\Koopa\KoopaSensor.xml">
      <Filter>Actor\Character\Koopa</Filter>
    </Xml>
    <Xml Include="Data\Asset\Character\Koopa\ParaKoopa.xml">
      <Filter>Actor\Character\Koopa</Filter>
    </Xml>
    <Xml Include="Data\Asset\Character\Koopa\RedKoopa.xml">
      <Filter>Actor\Character\Koopa</Filter>
    </Xml>
    <Xml Include="Data\Asset\Character\Koopa\RedParaKoopa.xml">
      <Filter>Actor\Character\Koopa</Filter>
    </Xml>
    <Xml Include="Data\Asset\Character\Plant\PiranhaUp.xml">
      <Filter>Actor\Character\Plant</Filter>
    </Xml>
    <Xml Include="Data\Asset\Character\Plant\PlantSensor.xml">
      <Filter>Actor\Character\Plant</Filter>
    </Xml>
    <Xml Include="Data\Asset\Character\Plant\RedPiranhaUp.xml">
      <Filter>Actor\Character\Plant</Filter>
    </Xml>
    <Xml Include="Data\Asset\Character\Goomba\RedGoomba.xml">
      <Filter>Actor\Character\Goomba</Filter>
    </Xml>
    <Xml Include="Data\Asset\Character\Plant\PiranhaDown.xml">
      <Filter>Actor\Character\Plant</Filter>
    </Xml>
    <Xml Include="Data\Asset\Character\Plant\RedPiranhaDown.xml">
      <Filter>Actor\Character\Plant</Filter>
    </Xml>
    <Xml Include="Data\Asset\Character\Plant\RedVenusUp.xml">
      <Filter>Actor\Character\Plant</Filter>
    </Xml>
    <Xml Include="Data\Asset\Character\Plant\VenusUp.xml">
      <Filter>Actor\Character\Plant</Filter>
    </Xml>
    <Xml Include="Data\Asset\Character\Plant\PlantFireball.xml">
      <Filter>Actor\Character\Plant</Filter>
    </Xml>
    <Xml Include="Data\Asset\Character\Plant\RedVenusDown.xml">
      <Filter>Actor\Character\Plant</Filter>
    </Xml>
    <Xml Include="Data\Asset\Character\Plant\VenusDown.xml">
      <Filter>Actor\Character\Plant</Filter>
    </Xml>
  </ItemGroup>
  <ItemGroup>
    <Image Include="Data\Texture\Mario.png">
      <Filter>Resource\Texture</Filter>
    </Image>
    <Image Include="Data\Texture\BBox.png">
      <Filter>Resource\Texture</Filter>
    </Image>
    <Image Include="Data\Texture\Koopa.png">
      <Filter>Resource\Texture</Filter>
    </Image>
    <Image Include="Data\Texture\Goomba.png">
      <Filter>Resource\Texture</Filter>
    </Image>
    <Image Include="Data\Texture\Plant.png">
      <Filter>Resource\Texture</Filter>
    </Image>
  </ItemGroup>
  <ItemGroup>
    <Media Include="Data\SoundClip\MarioJump.wav">
      <Filter>Resource\SoundClip</Filter>
    </Media>
  </ItemGroup>
</Project>